
Microsoft Visual Studio Solution File, Format Version 12.00
# Visual Studio Version 16
VisualStudioVersion = 16.0.29230.47
MinimumVisualStudioVersion = 10.0.40219.1
Project("{FAE04EC0-301F-11D3-BF4B-00C04F79EFBC}") = "BadSuperbowlNamer", "BadSuperbowlNamer\BadSuperbowlNamer.csproj", "{70730430-ADE7-49BC-A783-EF929EEC0F04}"
EndProject
Project("{FAE04EC0-301F-11D3-BF4B-00C04F79EFBC}") = "BadSuperbowlNamer.Tests", "BadSuperbowlNamer.Tests\BadSuperbowlNamer.Tests.csproj", "{5372E12E-A29E-4A0F-801A-2EF894B6F363}"
EndProject
Global
	GlobalSection(SolutionConfigurationPlatforms) = preSolution
		Debug|Any CPU = Debug|Any CPU
		Release|Any CPU = Release|Any CPU
	EndGlobalSection
	GlobalSection(ProjectConfigurationPlatforms) = postSolution
		{70730430-ADE7-49BC-A783-EF929EEC0F04}.Debug|Any CPU.ActiveCfg = Debug|Any CPU
		{70730430-ADE7-49BC-A783-EF929EEC0F04}.Debug|Any CPU.Build.0 = Debug|Any CPU
		{70730430-ADE7-49BC-A783-EF929EEC0F04}.Release|Any CPU.ActiveCfg = Release|Any CPU
		{70730430-ADE7-49BC-A783-EF929EEC0F04}.Release|Any CPU.Build.0 = Release|Any CPU
		{5372E12E-A29E-4A0F-801A-2EF894B6F363}.Debug|Any CPU.ActiveCfg = Debug|Any CPU
		{5372E12E-A29E-4A0F-801A-2EF894B6F363}.Debug|Any CPU.Build.0 = Debug|Any CPU
		{5372E12E-A29E-4A0F-801A-2EF894B6F363}.Release|Any CPU.ActiveCfg = Release|Any CPU
		{5372E12E-A29E-4A0F-801A-2EF894B6F363}.Release|Any CPU.Build.0 = Release|Any CPU
	EndGlobalSection
	GlobalSection(SolutionProperties) = preSolution
		HideSolutionNode = FALSE
	EndGlobalSection
	GlobalSection(ExtensibilityGlobals) = postSolution
		SolutionGuid = {3ADB54CC-1E7D-41BD-9695-A50919BFB6B6}
	EndGlobalSection
EndGlobal
